<Solution>
  <Folder Name="/src/">
    <Project Path="CoWork.Api/CoWork.Api.csproj" />
    <Project Path="CoWork.Application/CoWork.Application.csproj" />
    <Project Path="CoWork.Domain/CoWork.Domain.csproj" />
    <Project Path="CoWork.Infrastructure/CoWork.Infrastructure.csproj" />
  </Folder>
</Solution>
